// !$*UTF8*$!
{
	archiveVersion = 1;
	classes = {
	};
	objectVersion = 46;
	objects = {

/* Begin PBXBuildFile section */
		321706F91B65EFA400812648 /* ProfilePicViewController.swift in Sources */ = {isa = PBXBuildFile; fileRef = 321706F81B65EFA400812648 /* ProfilePicViewController.swift */; };
		32170A2B1B6CE00F009F9665 /* StringScore.swift in Sources */ = {isa = PBXBuildFile; fileRef = 32170A2A1B6CE00F009F9665 /* StringScore.swift */; };
		32170A2E1B6CE030009F9665 /* BrandScoreStyleKit.swift in Sources */ = {isa = PBXBuildFile; fileRef = 32170A2C1B6CE030009F9665 /* BrandScoreStyleKit.swift */; };
		32170A2F1B6CE030009F9665 /* BrandSearchTableController.swift in Sources */ = {isa = PBXBuildFile; fileRef = 32170A2D1B6CE030009F9665 /* BrandSearchTableController.swift */; };
		32170A311B6CE03E009F9665 /* name_list.txt in Resources */ = {isa = PBXBuildFile; fileRef = 32170A301B6CE03E009F9665 /* name_list.txt */; };
		325FA44B1B708E7400229204 /* VisibleFormViewController.m in Sources */ = {isa = PBXBuildFile; fileRef = 325FA44A1B708E7400229204 /* VisibleFormViewController.m */; };
		325FA44D1B70A7AC00229204 /* SwipeableClothesTester.swift in Sources */ = {isa = PBXBuildFile; fileRef = 325FA44C1B70A7AC00229204 /* SwipeableClothesTester.swift */; };
		325FA4551B77A4D900229204 /* TagViewController.swift in Sources */ = {isa = PBXBuildFile; fileRef = 325FA4541B77A4D800229204 /* TagViewController.swift */; };
		325FA4591B77A53B00229204 /* TagCollectionViewCell.swift in Sources */ = {isa = PBXBuildFile; fileRef = 325FA4581B77A53B00229204 /* TagCollectionViewCell.swift */; };
		326B13B21B61D0FC003A871D /* PhotoViewController.m in Sources */ = {isa = PBXBuildFile; fileRef = 326B13A91B61D0FB003A871D /* PhotoViewController.m */; };
		326B13B31B61D0FC003A871D /* ImagePreviewViewController.m in Sources */ = {isa = PBXBuildFile; fileRef = 326B13AB1B61D0FC003A871D /* ImagePreviewViewController.m */; };
		326B13B61B61D0FC003A871D /* ViewUtils.m in Sources */ = {isa = PBXBuildFile; fileRef = 326B13B11B61D0FC003A871D /* ViewUtils.m */; };
		326B13BC1B61D17E003A871D /* LLSimpleCamera.m in Sources */ = {isa = PBXBuildFile; fileRef = 326B13B91B61D17E003A871D /* LLSimpleCamera.m */; };
		326B13BD1B61D17E003A871D /* UIImage+FixOrientation.m in Sources */ = {isa = PBXBuildFile; fileRef = 326B13BB1B61D17E003A871D /* UIImage+FixOrientation.m */; };
		326B13BF1B61DA15003A871D /* whiteCancel.png in Resources */ = {isa = PBXBuildFile; fileRef = 326B13BE1B61DA15003A871D /* whiteCancel.png */; };
		326B13C11B61E9A4003A871D /* pictogram.png in Resources */ = {isa = PBXBuildFile; fileRef = 326B13C01B61E9A4003A871D /* pictogram.png */; };
		32862E5B1B631B530070FA05 /* SCLAlertView.m in Sources */ = {isa = PBXBuildFile; fileRef = 32862E511B631B530070FA05 /* SCLAlertView.m */; };
		32862E5C1B631B530070FA05 /* SCLAlertViewResponder.m in Sources */ = {isa = PBXBuildFile; fileRef = 32862E531B631B530070FA05 /* SCLAlertViewResponder.m */; };
		32862E5D1B631B530070FA05 /* SCLAlertViewStyleKit.m in Sources */ = {isa = PBXBuildFile; fileRef = 32862E551B631B530070FA05 /* SCLAlertViewStyleKit.m */; };
		32862E5E1B631B530070FA05 /* SCLButton.m in Sources */ = {isa = PBXBuildFile; fileRef = 32862E571B631B530070FA05 /* SCLButton.m */; };
		32862E5F1B631B530070FA05 /* UIImage+ImageEffects.m in Sources */ = {isa = PBXBuildFile; fileRef = 32862E5A1B631B530070FA05 /* UIImage+ImageEffects.m */; };
		32862E611B63326F0070FA05 /* userSettingViewController.swift in Sources */ = {isa = PBXBuildFile; fileRef = 32862E601B63326F0070FA05 /* userSettingViewController.swift */; };
		32A3BFD51B7B551F0022D76D /* goSegue.swift in Sources */ = {isa = PBXBuildFile; fileRef = 32A3BFD41B7B551F0022D76D /* goSegue.swift */; };
		32A3BFD71B7B57660022D76D /* goBackSegue.swift in Sources */ = {isa = PBXBuildFile; fileRef = 32A3BFD61B7B57660022D76D /* goBackSegue.swift */; };
		32F3F1F91B52BA9C0051050B /* SCLAlertView.swift in Sources */ = {isa = PBXBuildFile; fileRef = 32F3F1F81B52BA9C0051050B /* SCLAlertView.swift */; };
		32F48E0A1B670BFA009EF135 /* TLTagsControl.m in Sources */ = {isa = PBXBuildFile; fileRef = 32F48E081B670BFA009EF135 /* TLTagsControl.m */; };
		B600E2351B41765D007F8FDA /* SingleRowCell.swift in Sources */ = {isa = PBXBuildFile; fileRef = B600E2341B41765D007F8FDA /* SingleRowCell.swift */; };
		B600E2371B417868007F8FDA /* TopsViewController.swift in Sources */ = {isa = PBXBuildFile; fileRef = B600E2361B417868007F8FDA /* TopsViewController.swift */; };
		B6436C671B67698700B8DA64 /* SwiftPages.swift in Sources */ = {isa = PBXBuildFile; fileRef = B6436C661B67698700B8DA64 /* SwiftPages.swift */; };
		B65331DD1B411D1B00B19268 /* PasswordRecoverViewController.swift in Sources */ = {isa = PBXBuildFile; fileRef = B65331DC1B411D1B00B19268 /* PasswordRecoverViewController.swift */; };
		B66F25971B77A323003DAB6C /* MKButton.swift in Sources */ = {isa = PBXBuildFile; fileRef = B66F25901B77A323003DAB6C /* MKButton.swift */; };
		B66F25981B77A323003DAB6C /* MKColor.swift in Sources */ = {isa = PBXBuildFile; fileRef = B66F25911B77A323003DAB6C /* MKColor.swift */; };
		B66F25991B77A323003DAB6C /* MKImageView.swift in Sources */ = {isa = PBXBuildFile; fileRef = B66F25921B77A323003DAB6C /* MKImageView.swift */; };
		B66F259A1B77A323003DAB6C /* MKLabel.swift in Sources */ = {isa = PBXBuildFile; fileRef = B66F25931B77A323003DAB6C /* MKLabel.swift */; };
		B66F259B1B77A323003DAB6C /* MKLayer.swift in Sources */ = {isa = PBXBuildFile; fileRef = B66F25941B77A323003DAB6C /* MKLayer.swift */; };
		B66F259C1B77A323003DAB6C /* MKTableViewCell.swift in Sources */ = {isa = PBXBuildFile; fileRef = B66F25951B77A323003DAB6C /* MKTableViewCell.swift */; };
		B66F259D1B77A323003DAB6C /* MKTextField.swift in Sources */ = {isa = PBXBuildFile; fileRef = B66F25961B77A323003DAB6C /* MKTextField.swift */; };
		B66F259F1B78DCAF003DAB6C /* TrendDetailViewController.swift in Sources */ = {isa = PBXBuildFile; fileRef = B66F259E1B78DCAF003DAB6C /* TrendDetailViewController.swift */; };
		B6798A641B626E4000197190 /* ParseUI.framework in Frameworks */ = {isa = PBXBuildFile; fileRef = B6798A631B626E4000197190 /* ParseUI.framework */; };
		B683596F1B64EAB5002D492D /* Social.framework in Frameworks */ = {isa = PBXBuildFile; fileRef = B683596E1B64EAB5002D492D /* Social.framework */; };
		B68359711B64EBDD002D492D /* AVFoundation.framework in Frameworks */ = {isa = PBXBuildFile; fileRef = B68359701B64EBDD002D492D /* AVFoundation.framework */; };
		B68359731B64EBE6002D492D /* Accelerate.framework in Frameworks */ = {isa = PBXBuildFile; fileRef = B68359721B64EBE6002D492D /* Accelerate.framework */; };
		B68359751B64EBFF002D492D /* CoreImage.framework in Frameworks */ = {isa = PBXBuildFile; fileRef = B68359741B64EBFF002D492D /* CoreImage.framework */; };
		B68359771B64EC0C002D492D /* Foundation.framework in Frameworks */ = {isa = PBXBuildFile; fileRef = B68359761B64EC0C002D492D /* Foundation.framework */; };
		B68359791B64EC13002D492D /* ImageIO.framework in Frameworks */ = {isa = PBXBuildFile; fileRef = B68359781B64EC13002D492D /* ImageIO.framework */; };
		B683597B1B64EC3C002D492D /* Accounts.framework in Frameworks */ = {isa = PBXBuildFile; fileRef = B683597A1B64EC3C002D492D /* Accounts.framework */; };
		B69677611B622B7500EC2F9A /* DetailViewController.swift in Sources */ = {isa = PBXBuildFile; fileRef = B69677601B622B7500EC2F9A /* DetailViewController.swift */; };
		B6C353D21B6790E9006CF285 /* NewViewController.swift in Sources */ = {isa = PBXBuildFile; fileRef = B6C353D11B6790E9006CF285 /* NewViewController.swift */; };
		B6C353D51B67914F006CF285 /* NewCollectionViewCell.swift in Sources */ = {isa = PBXBuildFile; fileRef = B6C353D41B67914F006CF285 /* NewCollectionViewCell.swift */; };
		B6CD24661B3D8BD50061E451 /* main.m in Sources */ = {isa = PBXBuildFile; fileRef = B6CD24651B3D8BD50061E451 /* main.m */; };
		B6CD24691B3D8BD50061E451 /* AppDelegate.m in Sources */ = {isa = PBXBuildFile; fileRef = B6CD24681B3D8BD50061E451 /* AppDelegate.m */; };
		B6CD246F1B3D8BD50061E451 /* Main.storyboard in Resources */ = {isa = PBXBuildFile; fileRef = B6CD246D1B3D8BD50061E451 /* Main.storyboard */; };
		B6CD24711B3D8BD50061E451 /* Images.xcassets in Resources */ = {isa = PBXBuildFile; fileRef = B6CD24701B3D8BD50061E451 /* Images.xcassets */; };
		B6CD24741B3D8BD50061E451 /* LaunchScreen.xib in Resources */ = {isa = PBXBuildFile; fileRef = B6CD24721B3D8BD50061E451 /* LaunchScreen.xib */; };
		B6CD24801B3D8BD50061E451 /* StylistTests.m in Sources */ = {isa = PBXBuildFile; fileRef = B6CD247F1B3D8BD50061E451 /* StylistTests.m */; };
		B6EC66011B3FD31900B5BC58 /* ViewController.swift in Sources */ = {isa = PBXBuildFile; fileRef = B6EC66001B3FD31900B5BC58 /* ViewController.swift */; };
		B6EC66031B3FD4F700B5BC58 /* RegisterPageViewController.swift in Sources */ = {isa = PBXBuildFile; fileRef = B6EC66021B3FD4F700B5BC58 /* RegisterPageViewController.swift */; };
		B6EC66071B3FDD2700B5BC58 /* Bolts.framework in Frameworks */ = {isa = PBXBuildFile; fileRef = B6EC66051B3FDD2700B5BC58 /* Bolts.framework */; };
		B6EC66081B3FDD2700B5BC58 /* Parse.framework in Frameworks */ = {isa = PBXBuildFile; fileRef = B6EC66061B3FDD2700B5BC58 /* Parse.framework */; };
		B6EC660A1B3FDD4800B5BC58 /* AudioToolbox.framework in Frameworks */ = {isa = PBXBuildFile; fileRef = B6EC66091B3FDD4800B5BC58 /* AudioToolbox.framework */; };
		B6EC660C1B3FDD5C00B5BC58 /* CFNetwork.framework in Frameworks */ = {isa = PBXBuildFile; fileRef = B6EC660B1B3FDD5C00B5BC58 /* CFNetwork.framework */; };
		B6EC660E1B3FDD6600B5BC58 /* CoreGraphics.framework in Frameworks */ = {isa = PBXBuildFile; fileRef = B6EC660D1B3FDD6600B5BC58 /* CoreGraphics.framework */; };
		B6EC66101B3FDD6F00B5BC58 /* CoreLocation.framework in Frameworks */ = {isa = PBXBuildFile; fileRef = B6EC660F1B3FDD6F00B5BC58 /* CoreLocation.framework */; };
		B6EC66121B3FDD7C00B5BC58 /* MobileCoreServices.framework in Frameworks */ = {isa = PBXBuildFile; fileRef = B6EC66111B3FDD7C00B5BC58 /* MobileCoreServices.framework */; };
		B6EC66141B3FDD8600B5BC58 /* QuartzCore.framework in Frameworks */ = {isa = PBXBuildFile; fileRef = B6EC66131B3FDD8600B5BC58 /* QuartzCore.framework */; };
		B6EC66161B3FDD8D00B5BC58 /* Security.framework in Frameworks */ = {isa = PBXBuildFile; fileRef = B6EC66151B3FDD8D00B5BC58 /* Security.framework */; };
		B6EC66181B3FDD9600B5BC58 /* StoreKit.framework in Frameworks */ = {isa = PBXBuildFile; fileRef = B6EC66171B3FDD9600B5BC58 /* StoreKit.framework */; };
		B6EC661A1B3FDDA100B5BC58 /* SystemConfiguration.framework in Frameworks */ = {isa = PBXBuildFile; fileRef = B6EC66191B3FDDA100B5BC58 /* SystemConfiguration.framework */; };
		B6EC661C1B3FDDAD00B5BC58 /* libz.dylib in Frameworks */ = {isa = PBXBuildFile; fileRef = B6EC661B1B3FDDAD00B5BC58 /* libz.dylib */; };
		B6EC661E1B3FDDC200B5BC58 /* libsqlite3.dylib in Frameworks */ = {isa = PBXBuildFile; fileRef = B6EC661D1B3FDDC200B5BC58 /* libsqlite3.dylib */; };
		B6EC66261B3FE60C00B5BC58 /* MyConnector.m in Sources */ = {isa = PBXBuildFile; fileRef = B6EC66251B3FE60C00B5BC58 /* MyConnector.m */; };
		B6EC66281B3FFA8400B5BC58 /* LoginViewController.swift in Sources */ = {isa = PBXBuildFile; fileRef = B6EC66271B3FFA8400B5BC58 /* LoginViewController.swift */; };
		ECCCDA069314E6E4715A6B95 /* libPods-Stylist.a in Frameworks */ = {isa = PBXBuildFile; fileRef = BEF2748B118D2BF9A0ADB0EA /* libPods-Stylist.a */; };
/* End PBXBuildFile section */

/* Begin PBXContainerItemProxy section */
		B6CD247A1B3D8BD50061E451 /* PBXContainerItemProxy */ = {
			isa = PBXContainerItemProxy;
			containerPortal = B6CD24581B3D8BD50061E451 /* Project object */;
			proxyType = 1;
			remoteGlobalIDString = B6CD245F1B3D8BD50061E451;
			remoteInfo = Stylist;
		};
/* End PBXContainerItemProxy section */

/* Begin PBXFileReference section */
		321706F81B65EFA400812648 /* ProfilePicViewController.swift */ = {isa = PBXFileReference; fileEncoding = 4; lastKnownFileType = sourcecode.swift; name = ProfilePicViewController.swift; path = Stylist/ProfilePicViewController.swift; sourceTree = "<group>"; };
		32170A2A1B6CE00F009F9665 /* StringScore.swift */ = {isa = PBXFileReference; fileEncoding = 4; lastKnownFileType = sourcecode.swift; path = StringScore.swift; sourceTree = "<group>"; };
		32170A2C1B6CE030009F9665 /* BrandScoreStyleKit.swift */ = {isa = PBXFileReference; fileEncoding = 4; lastKnownFileType = sourcecode.swift; path = BrandScoreStyleKit.swift; sourceTree = "<group>"; };
		32170A2D1B6CE030009F9665 /* BrandSearchTableController.swift */ = {isa = PBXFileReference; fileEncoding = 4; lastKnownFileType = sourcecode.swift; path = BrandSearchTableController.swift; sourceTree = "<group>"; };
		32170A301B6CE03E009F9665 /* name_list.txt */ = {isa = PBXFileReference; fileEncoding = 4; lastKnownFileType = text; path = name_list.txt; sourceTree = "<group>"; };
		325FA4461B6FB57C00229204 /* Stylist-Bridging-Header.h */ = {isa = PBXFileReference; fileEncoding = 4; lastKnownFileType = sourcecode.c.h; name = "Stylist-Bridging-Header.h"; path = "Stylist/Stylist-Bridging-Header.h"; sourceTree = "<group>"; };
		325FA4491B708E7400229204 /* VisibleFormViewController.h */ = {isa = PBXFileReference; fileEncoding = 4; lastKnownFileType = sourcecode.c.h; name = VisibleFormViewController.h; path = ../VisibleFormViewController.h; sourceTree = "<group>"; };
		325FA44A1B708E7400229204 /* VisibleFormViewController.m */ = {isa = PBXFileReference; fileEncoding = 4; lastKnownFileType = sourcecode.c.objc; name = VisibleFormViewController.m; path = ../VisibleFormViewController.m; sourceTree = "<group>"; };
		325FA44C1B70A7AC00229204 /* SwipeableClothesTester.swift */ = {isa = PBXFileReference; fileEncoding = 4; lastKnownFileType = sourcecode.swift; path = SwipeableClothesTester.swift; sourceTree = "<group>"; };
		325FA4541B77A4D800229204 /* TagViewController.swift */ = {isa = PBXFileReference; fileEncoding = 4; lastKnownFileType = sourcecode.swift; path = TagViewController.swift; sourceTree = "<group>"; };
		325FA4581B77A53B00229204 /* TagCollectionViewCell.swift */ = {isa = PBXFileReference; fileEncoding = 4; lastKnownFileType = sourcecode.swift; path = TagCollectionViewCell.swift; sourceTree = "<group>"; };
		326B13A81B61D0FB003A871D /* PhotoViewController.h */ = {isa = PBXFileReference; fileEncoding = 4; lastKnownFileType = sourcecode.c.h; name = PhotoViewController.h; path = ../PhotoViewController.h; sourceTree = "<group>"; };
		326B13A91B61D0FB003A871D /* PhotoViewController.m */ = {isa = PBXFileReference; fileEncoding = 4; lastKnownFileType = sourcecode.c.objc; name = PhotoViewController.m; path = ../PhotoViewController.m; sourceTree = "<group>"; };
		326B13AA1B61D0FC003A871D /* ImagePreviewViewController.h */ = {isa = PBXFileReference; fileEncoding = 4; lastKnownFileType = sourcecode.c.h; name = ImagePreviewViewController.h; path = ../ImagePreviewViewController.h; sourceTree = "<group>"; };
		326B13AB1B61D0FC003A871D /* ImagePreviewViewController.m */ = {isa = PBXFileReference; fileEncoding = 4; lastKnownFileType = sourcecode.c.objc; name = ImagePreviewViewController.m; path = ../ImagePreviewViewController.m; sourceTree = "<group>"; };
		326B13B01B61D0FC003A871D /* ViewUtils.h */ = {isa = PBXFileReference; fileEncoding = 4; lastKnownFileType = sourcecode.c.h; name = ViewUtils.h; path = ../ViewUtils.h; sourceTree = "<group>"; };
		326B13B11B61D0FC003A871D /* ViewUtils.m */ = {isa = PBXFileReference; fileEncoding = 4; lastKnownFileType = sourcecode.c.objc; name = ViewUtils.m; path = ../ViewUtils.m; sourceTree = "<group>"; };
		326B13B81B61D17E003A871D /* LLSimpleCamera.h */ = {isa = PBXFileReference; fileEncoding = 4; lastKnownFileType = sourcecode.c.h; path = LLSimpleCamera.h; sourceTree = "<group>"; };
		326B13B91B61D17E003A871D /* LLSimpleCamera.m */ = {isa = PBXFileReference; fileEncoding = 4; lastKnownFileType = sourcecode.c.objc; path = LLSimpleCamera.m; sourceTree = "<group>"; };
		326B13BA1B61D17E003A871D /* UIImage+FixOrientation.h */ = {isa = PBXFileReference; fileEncoding = 4; lastKnownFileType = sourcecode.c.h; path = "UIImage+FixOrientation.h"; sourceTree = "<group>"; };
		326B13BB1B61D17E003A871D /* UIImage+FixOrientation.m */ = {isa = PBXFileReference; fileEncoding = 4; lastKnownFileType = sourcecode.c.objc; path = "UIImage+FixOrientation.m"; sourceTree = "<group>"; };
		326B13BE1B61DA15003A871D /* whiteCancel.png */ = {isa = PBXFileReference; lastKnownFileType = image.png; path = whiteCancel.png; sourceTree = "<group>"; };
		326B13C01B61E9A4003A871D /* pictogram.png */ = {isa = PBXFileReference; lastKnownFileType = image.png; path = pictogram.png; sourceTree = "<group>"; };
		32862E501B631B530070FA05 /* SCLAlertView.h */ = {isa = PBXFileReference; fileEncoding = 4; lastKnownFileType = sourcecode.c.h; path = SCLAlertView.h; sourceTree = "<group>"; };
		32862E511B631B530070FA05 /* SCLAlertView.m */ = {isa = PBXFileReference; fileEncoding = 4; lastKnownFileType = sourcecode.c.objc; path = SCLAlertView.m; sourceTree = "<group>"; };
		32862E521B631B530070FA05 /* SCLAlertViewResponder.h */ = {isa = PBXFileReference; fileEncoding = 4; lastKnownFileType = sourcecode.c.h; path = SCLAlertViewResponder.h; sourceTree = "<group>"; };
		32862E531B631B530070FA05 /* SCLAlertViewResponder.m */ = {isa = PBXFileReference; fileEncoding = 4; lastKnownFileType = sourcecode.c.objc; path = SCLAlertViewResponder.m; sourceTree = "<group>"; };
		32862E541B631B530070FA05 /* SCLAlertViewStyleKit.h */ = {isa = PBXFileReference; fileEncoding = 4; lastKnownFileType = sourcecode.c.h; path = SCLAlertViewStyleKit.h; sourceTree = "<group>"; };
		32862E551B631B530070FA05 /* SCLAlertViewStyleKit.m */ = {isa = PBXFileReference; fileEncoding = 4; lastKnownFileType = sourcecode.c.objc; path = SCLAlertViewStyleKit.m; sourceTree = "<group>"; };
		32862E561B631B530070FA05 /* SCLButton.h */ = {isa = PBXFileReference; fileEncoding = 4; lastKnownFileType = sourcecode.c.h; path = SCLButton.h; sourceTree = "<group>"; };
		32862E571B631B530070FA05 /* SCLButton.m */ = {isa = PBXFileReference; fileEncoding = 4; lastKnownFileType = sourcecode.c.objc; path = SCLButton.m; sourceTree = "<group>"; };
		32862E581B631B530070FA05 /* SCLMacros.h */ = {isa = PBXFileReference; fileEncoding = 4; lastKnownFileType = sourcecode.c.h; path = SCLMacros.h; sourceTree = "<group>"; };
		32862E591B631B530070FA05 /* UIImage+ImageEffects.h */ = {isa = PBXFileReference; fileEncoding = 4; lastKnownFileType = sourcecode.c.h; path = "UIImage+ImageEffects.h"; sourceTree = "<group>"; };
		32862E5A1B631B530070FA05 /* UIImage+ImageEffects.m */ = {isa = PBXFileReference; fileEncoding = 4; lastKnownFileType = sourcecode.c.objc; path = "UIImage+ImageEffects.m"; sourceTree = "<group>"; };
		32862E601B63326F0070FA05 /* userSettingViewController.swift */ = {isa = PBXFileReference; fileEncoding = 4; lastKnownFileType = sourcecode.swift; path = userSettingViewController.swift; sourceTree = "<group>"; };
		32A3BFD41B7B551F0022D76D /* goSegue.swift */ = {isa = PBXFileReference; fileEncoding = 4; lastKnownFileType = sourcecode.swift; path = goSegue.swift; sourceTree = "<group>"; };
		32A3BFD61B7B57660022D76D /* goBackSegue.swift */ = {isa = PBXFileReference; fileEncoding = 4; lastKnownFileType = sourcecode.swift; path = goBackSegue.swift; sourceTree = "<group>"; };
		32F3F1F81B52BA9C0051050B /* SCLAlertView.swift */ = {isa = PBXFileReference; fileEncoding = 4; lastKnownFileType = sourcecode.swift; name = SCLAlertView.swift; path = Stylist/SCLAlertView.swift; sourceTree = SOURCE_ROOT; };
		32F48E071B670BFA009EF135 /* TLTagsControl.h */ = {isa = PBXFileReference; fileEncoding = 4; lastKnownFileType = sourcecode.c.h; path = TLTagsControl.h; sourceTree = "<group>"; };
		32F48E081B670BFA009EF135 /* TLTagsControl.m */ = {isa = PBXFileReference; fileEncoding = 4; lastKnownFileType = sourcecode.c.objc; path = TLTagsControl.m; sourceTree = "<group>"; };
		B600E2341B41765D007F8FDA /* SingleRowCell.swift */ = {isa = PBXFileReference; fileEncoding = 4; lastKnownFileType = sourcecode.swift; path = SingleRowCell.swift; sourceTree = "<group>"; };
		B600E2361B417868007F8FDA /* TopsViewController.swift */ = {isa = PBXFileReference; fileEncoding = 4; lastKnownFileType = sourcecode.swift; path = TopsViewController.swift; sourceTree = "<group>"; usesTabs = 1; };
		B6436C661B67698700B8DA64 /* SwiftPages.swift */ = {isa = PBXFileReference; fileEncoding = 4; lastKnownFileType = sourcecode.swift; path = SwiftPages.swift; sourceTree = "<group>"; };
		B65331DC1B411D1B00B19268 /* PasswordRecoverViewController.swift */ = {isa = PBXFileReference; fileEncoding = 4; lastKnownFileType = sourcecode.swift; path = PasswordRecoverViewController.swift; sourceTree = "<group>"; };
		B655B37C1B6FA0F700A8A16C /* SF-UI-Display-Black.otf */ = {isa = PBXFileReference; lastKnownFileType = file; path = "SF-UI-Display-Black.otf"; sourceTree = "<group>"; };
		B655B37D1B6FA0F700A8A16C /* SF-UI-Display-Bold.otf */ = {isa = PBXFileReference; lastKnownFileType = file; path = "SF-UI-Display-Bold.otf"; sourceTree = "<group>"; };
		B655B37E1B6FA0F700A8A16C /* SF-UI-Display-Heavy.otf */ = {isa = PBXFileReference; lastKnownFileType = file; path = "SF-UI-Display-Heavy.otf"; sourceTree = "<group>"; };
		B655B37F1B6FA0F700A8A16C /* SF-UI-Display-Light.otf */ = {isa = PBXFileReference; lastKnownFileType = file; path = "SF-UI-Display-Light.otf"; sourceTree = "<group>"; };
		B655B3801B6FA0F700A8A16C /* SF-UI-Display-Medium.otf */ = {isa = PBXFileReference; lastKnownFileType = file; path = "SF-UI-Display-Medium.otf"; sourceTree = "<group>"; };
		B655B3811B6FA0F700A8A16C /* SF-UI-Display-Regular.otf */ = {isa = PBXFileReference; lastKnownFileType = file; path = "SF-UI-Display-Regular.otf"; sourceTree = "<group>"; };
		B655B3821B6FA0F700A8A16C /* SF-UI-Display-Semibold.otf */ = {isa = PBXFileReference; lastKnownFileType = file; path = "SF-UI-Display-Semibold.otf"; sourceTree = "<group>"; };
		B655B3831B6FA0F700A8A16C /* SF-UI-Display-Thin.otf */ = {isa = PBXFileReference; lastKnownFileType = file; path = "SF-UI-Display-Thin.otf"; sourceTree = "<group>"; };
		B655B3841B6FA0F700A8A16C /* SF-UI-Display-Ultralight.otf */ = {isa = PBXFileReference; lastKnownFileType = file; path = "SF-UI-Display-Ultralight.otf"; sourceTree = "<group>"; };
		B655B3851B6FA0F700A8A16C /* SF-UI-Text-Bold.otf */ = {isa = PBXFileReference; lastKnownFileType = file; path = "SF-UI-Text-Bold.otf"; sourceTree = "<group>"; };
		B655B3861B6FA0F700A8A16C /* SF-UI-Text-BoldItalic.otf */ = {isa = PBXFileReference; lastKnownFileType = file; path = "SF-UI-Text-BoldItalic.otf"; sourceTree = "<group>"; };
		B655B3871B6FA0F700A8A16C /* SF-UI-Text-Heavy.otf */ = {isa = PBXFileReference; lastKnownFileType = file; path = "SF-UI-Text-Heavy.otf"; sourceTree = "<group>"; };
		B655B3881B6FA0F700A8A16C /* SF-UI-Text-HeavyItalic.otf */ = {isa = PBXFileReference; lastKnownFileType = file; path = "SF-UI-Text-HeavyItalic.otf"; sourceTree = "<group>"; };
		B655B3891B6FA0F700A8A16C /* SF-UI-Text-Italic.otf */ = {isa = PBXFileReference; lastKnownFileType = file; path = "SF-UI-Text-Italic.otf"; sourceTree = "<group>"; };
		B655B38A1B6FA0F700A8A16C /* SF-UI-Text-Light.otf */ = {isa = PBXFileReference; lastKnownFileType = file; path = "SF-UI-Text-Light.otf"; sourceTree = "<group>"; };
		B655B38B1B6FA0F700A8A16C /* SF-UI-Text-LightItalic.otf */ = {isa = PBXFileReference; lastKnownFileType = file; path = "SF-UI-Text-LightItalic.otf"; sourceTree = "<group>"; };
		B655B38C1B6FA0F700A8A16C /* SF-UI-Text-Medium.otf */ = {isa = PBXFileReference; lastKnownFileType = file; path = "SF-UI-Text-Medium.otf"; sourceTree = "<group>"; };
		B655B38D1B6FA0F700A8A16C /* SF-UI-Text-MediumItalic.otf */ = {isa = PBXFileReference; lastKnownFileType = file; path = "SF-UI-Text-MediumItalic.otf"; sourceTree = "<group>"; };
		B655B38E1B6FA0F700A8A16C /* SF-UI-Text-Regular.otf */ = {isa = PBXFileReference; lastKnownFileType = file; path = "SF-UI-Text-Regular.otf"; sourceTree = "<group>"; };
		B655B38F1B6FA0F700A8A16C /* SF-UI-Text-Semibold.otf */ = {isa = PBXFileReference; lastKnownFileType = file; path = "SF-UI-Text-Semibold.otf"; sourceTree = "<group>"; };
		B655B3901B6FA0F700A8A16C /* SF-UI-Text-SemiboldItalic.otf */ = {isa = PBXFileReference; lastKnownFileType = file; path = "SF-UI-Text-SemiboldItalic.otf"; sourceTree = "<group>"; };
		B655B3921B6FA1A300A8A16C /* Hiragino Sans GB W3.otf */ = {isa = PBXFileReference; lastKnownFileType = file; path = "Hiragino Sans GB W3.otf"; sourceTree = "<group>"; };
		B655B3931B6FA1A300A8A16C /* Hiragino Sans GB W6.otf */ = {isa = PBXFileReference; lastKnownFileType = file; path = "Hiragino Sans GB W6.otf"; sourceTree = "<group>"; };
		B655B3941B6FA1A300A8A16C /* ヒラギノ角ゴ Pro W3.otf */ = {isa = PBXFileReference; lastKnownFileType = file; path = "ヒラギノ角ゴ Pro W3.otf"; sourceTree = "<group>"; };
		B655B3951B6FA1A300A8A16C /* ヒラギノ角ゴ Pro W6.otf */ = {isa = PBXFileReference; lastKnownFileType = file; path = "ヒラギノ角ゴ Pro W6.otf"; sourceTree = "<group>"; };
		B655B3961B6FA1A300A8A16C /* ヒラギノ角ゴ Std W8.otf */ = {isa = PBXFileReference; lastKnownFileType = file; path = "ヒラギノ角ゴ Std W8.otf"; sourceTree = "<group>"; };
		B655B3971B6FA1A300A8A16C /* ヒラギノ角ゴ StdN W8.otf */ = {isa = PBXFileReference; lastKnownFileType = file; path = "ヒラギノ角ゴ StdN W8.otf"; sourceTree = "<group>"; };
		B655B3981B6FA1A300A8A16C /* ヒラギノ丸ゴ Pro W4.otf */ = {isa = PBXFileReference; lastKnownFileType = file; path = "ヒラギノ丸ゴ Pro W4.otf"; sourceTree = "<group>"; };
		B655B3991B6FA1A300A8A16C /* ヒラギノ丸ゴ ProN W4.otf */ = {isa = PBXFileReference; lastKnownFileType = file; path = "ヒラギノ丸ゴ ProN W4.otf"; sourceTree = "<group>"; };
		B655B39A1B6FA1A300A8A16C /* ヒラギノ明朝 Pro W3.otf */ = {isa = PBXFileReference; lastKnownFileType = file; path = "ヒラギノ明朝 Pro W3.otf"; sourceTree = "<group>"; };
		B655B39B1B6FA1A300A8A16C /* ヒラギノ明朝 Pro W6.otf */ = {isa = PBXFileReference; lastKnownFileType = file; path = "ヒラギノ明朝 Pro W6.otf"; sourceTree = "<group>"; };
		B66F25901B77A323003DAB6C /* MKButton.swift */ = {isa = PBXFileReference; fileEncoding = 4; lastKnownFileType = sourcecode.swift; path = MKButton.swift; sourceTree = "<group>"; };
		B66F25911B77A323003DAB6C /* MKColor.swift */ = {isa = PBXFileReference; fileEncoding = 4; lastKnownFileType = sourcecode.swift; path = MKColor.swift; sourceTree = "<group>"; };
		B66F25921B77A323003DAB6C /* MKImageView.swift */ = {isa = PBXFileReference; fileEncoding = 4; lastKnownFileType = sourcecode.swift; path = MKImageView.swift; sourceTree = "<group>"; };
		B66F25931B77A323003DAB6C /* MKLabel.swift */ = {isa = PBXFileReference; fileEncoding = 4; lastKnownFileType = sourcecode.swift; path = MKLabel.swift; sourceTree = "<group>"; };
		B66F25941B77A323003DAB6C /* MKLayer.swift */ = {isa = PBXFileReference; fileEncoding = 4; lastKnownFileType = sourcecode.swift; path = MKLayer.swift; sourceTree = "<group>"; };
		B66F25951B77A323003DAB6C /* MKTableViewCell.swift */ = {isa = PBXFileReference; fileEncoding = 4; lastKnownFileType = sourcecode.swift; path = MKTableViewCell.swift; sourceTree = "<group>"; };
		B66F25961B77A323003DAB6C /* MKTextField.swift */ = {isa = PBXFileReference; fileEncoding = 4; lastKnownFileType = sourcecode.swift; path = MKTextField.swift; sourceTree = "<group>"; };
		B66F259E1B78DCAF003DAB6C /* TrendDetailViewController.swift */ = {isa = PBXFileReference; fileEncoding = 4; lastKnownFileType = sourcecode.swift; path = TrendDetailViewController.swift; sourceTree = "<group>"; };
		B6798A631B626E4000197190 /* ParseUI.framework */ = {isa = PBXFileReference; lastKnownFileType = wrapper.framework; path = ParseUI.framework; sourceTree = "<group>"; };
		B683596E1B64EAB5002D492D /* Social.framework */ = {isa = PBXFileReference; lastKnownFileType = wrapper.framework; name = Social.framework; path = System/Library/Frameworks/Social.framework; sourceTree = SDKROOT; };
		B68359701B64EBDD002D492D /* AVFoundation.framework */ = {isa = PBXFileReference; lastKnownFileType = wrapper.framework; name = AVFoundation.framework; path = System/Library/Frameworks/AVFoundation.framework; sourceTree = SDKROOT; };
		B68359721B64EBE6002D492D /* Accelerate.framework */ = {isa = PBXFileReference; lastKnownFileType = wrapper.framework; name = Accelerate.framework; path = System/Library/Frameworks/Accelerate.framework; sourceTree = SDKROOT; };
		B68359741B64EBFF002D492D /* CoreImage.framework */ = {isa = PBXFileReference; lastKnownFileType = wrapper.framework; name = CoreImage.framework; path = System/Library/Frameworks/CoreImage.framework; sourceTree = SDKROOT; };
		B68359761B64EC0C002D492D /* Foundation.framework */ = {isa = PBXFileReference; lastKnownFileType = wrapper.framework; name = Foundation.framework; path = System/Library/Frameworks/Foundation.framework; sourceTree = SDKROOT; };
		B68359781B64EC13002D492D /* ImageIO.framework */ = {isa = PBXFileReference; lastKnownFileType = wrapper.framework; name = ImageIO.framework; path = System/Library/Frameworks/ImageIO.framework; sourceTree = SDKROOT; };
		B683597A1B64EC3C002D492D /* Accounts.framework */ = {isa = PBXFileReference; lastKnownFileType = wrapper.framework; name = Accounts.framework; path = System/Library/Frameworks/Accounts.framework; sourceTree = SDKROOT; };
		B69677601B622B7500EC2F9A /* DetailViewController.swift */ = {isa = PBXFileReference; fileEncoding = 4; lastKnownFileType = sourcecode.swift; path = DetailViewController.swift; sourceTree = "<group>"; };
		B6C353D11B6790E9006CF285 /* NewViewController.swift */ = {isa = PBXFileReference; fileEncoding = 4; lastKnownFileType = sourcecode.swift; name = NewViewController.swift; path = SCLAlertView/NewViewController.swift; sourceTree = "<group>"; };
		B6C353D41B67914F006CF285 /* NewCollectionViewCell.swift */ = {isa = PBXFileReference; fileEncoding = 4; lastKnownFileType = sourcecode.swift; path = NewCollectionViewCell.swift; sourceTree = "<group>"; };
		B6CD24601B3D8BD50061E451 /* Stylist.app */ = {isa = PBXFileReference; explicitFileType = wrapper.application; includeInIndex = 0; path = Stylist.app; sourceTree = BUILT_PRODUCTS_DIR; };
		B6CD24641B3D8BD50061E451 /* Info.plist */ = {isa = PBXFileReference; lastKnownFileType = text.plist.xml; path = Info.plist; sourceTree = "<group>"; };
		B6CD24651B3D8BD50061E451 /* main.m */ = {isa = PBXFileReference; lastKnownFileType = sourcecode.c.objc; path = main.m; sourceTree = "<group>"; };
		B6CD24671B3D8BD50061E451 /* AppDelegate.h */ = {isa = PBXFileReference; lastKnownFileType = sourcecode.c.h; path = AppDelegate.h; sourceTree = "<group>"; };
		B6CD24681B3D8BD50061E451 /* AppDelegate.m */ = {isa = PBXFileReference; lastKnownFileType = sourcecode.c.objc; path = AppDelegate.m; sourceTree = "<group>"; };
		B6CD246E1B3D8BD50061E451 /* Base */ = {isa = PBXFileReference; lastKnownFileType = file.storyboard; name = Base; path = Base.lproj/Main.storyboard; sourceTree = "<group>"; };
		B6CD24701B3D8BD50061E451 /* Images.xcassets */ = {isa = PBXFileReference; lastKnownFileType = folder.assetcatalog; path = Images.xcassets; sourceTree = "<group>"; };
		B6CD24731B3D8BD50061E451 /* Base */ = {isa = PBXFileReference; lastKnownFileType = file.xib; name = Base; path = Base.lproj/LaunchScreen.xib; sourceTree = "<group>"; };
		B6CD24791B3D8BD50061E451 /* StylistTests.xctest */ = {isa = PBXFileReference; explicitFileType = wrapper.cfbundle; includeInIndex = 0; path = StylistTests.xctest; sourceTree = BUILT_PRODUCTS_DIR; };
		B6CD247E1B3D8BD50061E451 /* Info.plist */ = {isa = PBXFileReference; lastKnownFileType = text.plist.xml; path = Info.plist; sourceTree = "<group>"; };
		B6CD247F1B3D8BD50061E451 /* StylistTests.m */ = {isa = PBXFileReference; lastKnownFileType = sourcecode.c.objc; path = StylistTests.m; sourceTree = "<group>"; };
		B6EC66001B3FD31900B5BC58 /* ViewController.swift */ = {isa = PBXFileReference; fileEncoding = 4; lastKnownFileType = sourcecode.swift; path = ViewController.swift; sourceTree = "<group>"; };
		B6EC66021B3FD4F700B5BC58 /* RegisterPageViewController.swift */ = {isa = PBXFileReference; fileEncoding = 4; lastKnownFileType = sourcecode.swift; path = RegisterPageViewController.swift; sourceTree = "<group>"; };
		B6EC66051B3FDD2700B5BC58 /* Bolts.framework */ = {isa = PBXFileReference; lastKnownFileType = wrapper.framework; path = Bolts.framework; sourceTree = "<group>"; };
		B6EC66061B3FDD2700B5BC58 /* Parse.framework */ = {isa = PBXFileReference; lastKnownFileType = wrapper.framework; path = Parse.framework; sourceTree = "<group>"; };
		B6EC66091B3FDD4800B5BC58 /* AudioToolbox.framework */ = {isa = PBXFileReference; lastKnownFileType = wrapper.framework; name = AudioToolbox.framework; path = System/Library/Frameworks/AudioToolbox.framework; sourceTree = SDKROOT; };
		B6EC660B1B3FDD5C00B5BC58 /* CFNetwork.framework */ = {isa = PBXFileReference; lastKnownFileType = wrapper.framework; name = CFNetwork.framework; path = System/Library/Frameworks/CFNetwork.framework; sourceTree = SDKROOT; };
		B6EC660D1B3FDD6600B5BC58 /* CoreGraphics.framework */ = {isa = PBXFileReference; lastKnownFileType = wrapper.framework; name = CoreGraphics.framework; path = System/Library/Frameworks/CoreGraphics.framework; sourceTree = SDKROOT; };
		B6EC660F1B3FDD6F00B5BC58 /* CoreLocation.framework */ = {isa = PBXFileReference; lastKnownFileType = wrapper.framework; name = CoreLocation.framework; path = System/Library/Frameworks/CoreLocation.framework; sourceTree = SDKROOT; };
		B6EC66111B3FDD7C00B5BC58 /* MobileCoreServices.framework */ = {isa = PBXFileReference; lastKnownFileType = wrapper.framework; name = MobileCoreServices.framework; path = System/Library/Frameworks/MobileCoreServices.framework; sourceTree = SDKROOT; };
		B6EC66131B3FDD8600B5BC58 /* QuartzCore.framework */ = {isa = PBXFileReference; lastKnownFileType = wrapper.framework; name = QuartzCore.framework; path = System/Library/Frameworks/QuartzCore.framework; sourceTree = SDKROOT; };
		B6EC66151B3FDD8D00B5BC58 /* Security.framework */ = {isa = PBXFileReference; lastKnownFileType = wrapper.framework; name = Security.framework; path = System/Library/Frameworks/Security.framework; sourceTree = SDKROOT; };
		B6EC66171B3FDD9600B5BC58 /* StoreKit.framework */ = {isa = PBXFileReference; lastKnownFileType = wrapper.framework; name = StoreKit.framework; path = System/Library/Frameworks/StoreKit.framework; sourceTree = SDKROOT; };
		B6EC66191B3FDDA100B5BC58 /* SystemConfiguration.framework */ = {isa = PBXFileReference; lastKnownFileType = wrapper.framework; name = SystemConfiguration.framework; path = System/Library/Frameworks/SystemConfiguration.framework; sourceTree = SDKROOT; };
		B6EC661B1B3FDDAD00B5BC58 /* libz.dylib */ = {isa = PBXFileReference; lastKnownFileType = "compiled.mach-o.dylib"; name = libz.dylib; path = usr/lib/libz.dylib; sourceTree = SDKROOT; };
		B6EC661D1B3FDDC200B5BC58 /* libsqlite3.dylib */ = {isa = PBXFileReference; lastKnownFileType = "compiled.mach-o.dylib"; name = libsqlite3.dylib; path = usr/lib/libsqlite3.dylib; sourceTree = SDKROOT; };
		B6EC66241B3FE60C00B5BC58 /* MyConnector.h */ = {isa = PBXFileReference; fileEncoding = 4; lastKnownFileType = sourcecode.c.h; path = MyConnector.h; sourceTree = "<group>"; };
		B6EC66251B3FE60C00B5BC58 /* MyConnector.m */ = {isa = PBXFileReference; fileEncoding = 4; lastKnownFileType = sourcecode.c.objc; path = MyConnector.m; sourceTree = "<group>"; };
		B6EC66271B3FFA8400B5BC58 /* LoginViewController.swift */ = {isa = PBXFileReference; fileEncoding = 4; lastKnownFileType = sourcecode.swift; path = LoginViewController.swift; sourceTree = "<group>"; };
		BEF2748B118D2BF9A0ADB0EA /* libPods-Stylist.a */ = {isa = PBXFileReference; explicitFileType = archive.ar; includeInIndex = 0; path = "libPods-Stylist.a"; sourceTree = BUILT_PRODUCTS_DIR; };
		D8F75A09A7DAEE3E984FF2A3 /* Pods-Stylist.debug.xcconfig */ = {isa = PBXFileReference; includeInIndex = 1; lastKnownFileType = text.xcconfig; name = "Pods-Stylist.debug.xcconfig"; path = "Pods/Target Support Files/Pods-Stylist/Pods-Stylist.debug.xcconfig"; sourceTree = "<group>"; };
		FBE2CFDF1D363F394109BF06 /* Pods-Stylist.release.xcconfig */ = {isa = PBXFileReference; includeInIndex = 1; lastKnownFileType = text.xcconfig; name = "Pods-Stylist.release.xcconfig"; path = "Pods/Target Support Files/Pods-Stylist/Pods-Stylist.release.xcconfig"; sourceTree = "<group>"; };
/* End PBXFileReference section */

/* Begin PBXFrameworksBuildPhase section */
		B6CD245D1B3D8BD50061E451 /* Frameworks */ = {
			isa = PBXFrameworksBuildPhase;
			buildActionMask = 2147483647;
			files = (
				B683597B1B64EC3C002D492D /* Accounts.framework in Frameworks */,
				B68359791B64EC13002D492D /* ImageIO.framework in Frameworks */,
				B68359771B64EC0C002D492D /* Foundation.framework in Frameworks */,
				B6EC66101B3FDD6F00B5BC58 /* CoreLocation.framework in Frameworks */,
				B68359751B64EBFF002D492D /* CoreImage.framework in Frameworks */,
				B68359731B64EBE6002D492D /* Accelerate.framework in Frameworks */,
				B68359711B64EBDD002D492D /* AVFoundation.framework in Frameworks */,
				B683596F1B64EAB5002D492D /* Social.framework in Frameworks */,
				B6EC661E1B3FDDC200B5BC58 /* libsqlite3.dylib in Frameworks */,
				B6EC661C1B3FDDAD00B5BC58 /* libz.dylib in Frameworks */,
				B6798A641B626E4000197190 /* ParseUI.framework in Frameworks */,
				B6EC661A1B3FDDA100B5BC58 /* SystemConfiguration.framework in Frameworks */,
				B6EC66181B3FDD9600B5BC58 /* StoreKit.framework in Frameworks */,
				B6EC66161B3FDD8D00B5BC58 /* Security.framework in Frameworks */,
				B6EC66141B3FDD8600B5BC58 /* QuartzCore.framework in Frameworks */,
				B6EC66121B3FDD7C00B5BC58 /* MobileCoreServices.framework in Frameworks */,
				B6EC660E1B3FDD6600B5BC58 /* CoreGraphics.framework in Frameworks */,
				B6EC660C1B3FDD5C00B5BC58 /* CFNetwork.framework in Frameworks */,
				B6EC660A1B3FDD4800B5BC58 /* AudioToolbox.framework in Frameworks */,
				B6EC66081B3FDD2700B5BC58 /* Parse.framework in Frameworks */,
				B6EC66071B3FDD2700B5BC58 /* Bolts.framework in Frameworks */,
				ECCCDA069314E6E4715A6B95 /* libPods-Stylist.a in Frameworks */,
			);
			runOnlyForDeploymentPostprocessing = 0;
		};
		B6CD24761B3D8BD50061E451 /* Frameworks */ = {
			isa = PBXFrameworksBuildPhase;
			buildActionMask = 2147483647;
			files = (
			);
			runOnlyForDeploymentPostprocessing = 0;
		};
/* End PBXFrameworksBuildPhase section */

/* Begin PBXGroup section */
		321706FA1B65F2B500812648 /* UserProfileSetting */ = {
			isa = PBXGroup;
			children = (
				32862E601B63326F0070FA05 /* userSettingViewController.swift */,
				321706F81B65EFA400812648 /* ProfilePicViewController.swift */,
			);
			name = UserProfileSetting;
			path = ..;
			sourceTree = "<group>";
		};
		32170A291B6CDFE4009F9665 /* BrandSearch */ = {
			isa = PBXGroup;
			children = (
				32170A2A1B6CE00F009F9665 /* StringScore.swift */,
				32170A2C1B6CE030009F9665 /* BrandScoreStyleKit.swift */,
				32170A301B6CE03E009F9665 /* name_list.txt */,
				32170A2D1B6CE030009F9665 /* BrandSearchTableController.swift */,
			);
			name = BrandSearch;
			path = ..;
			sourceTree = "<group>";
		};
		325FA45A1B77A5A200229204 /* VisibleKeyBoard */ = {
			isa = PBXGroup;
			children = (
				325FA4491B708E7400229204 /* VisibleFormViewController.h */,
				325FA44A1B708E7400229204 /* VisibleFormViewController.m */,
			);
			name = VisibleKeyBoard;
			sourceTree = "<group>";
		};
		326B13B71B61D17E003A871D /* LLSimpleCamera */ = {
			isa = PBXGroup;
			children = (
				326B13B81B61D17E003A871D /* LLSimpleCamera.h */,
				326B13B91B61D17E003A871D /* LLSimpleCamera.m */,
				326B13BA1B61D17E003A871D /* UIImage+FixOrientation.h */,
				326B13BB1B61D17E003A871D /* UIImage+FixOrientation.m */,
			);
			name = LLSimpleCamera;
			path = ../LLSimpleCamera;
			sourceTree = "<group>";
		};
		32862E4F1B631B530070FA05 /* SCLAlertView */ = {
			isa = PBXGroup;
			children = (
				32F3F1F81B52BA9C0051050B /* SCLAlertView.swift */,
				32862E501B631B530070FA05 /* SCLAlertView.h */,
				32862E511B631B530070FA05 /* SCLAlertView.m */,
				32862E521B631B530070FA05 /* SCLAlertViewResponder.h */,
				32862E531B631B530070FA05 /* SCLAlertViewResponder.m */,
				32862E541B631B530070FA05 /* SCLAlertViewStyleKit.h */,
				32862E551B631B530070FA05 /* SCLAlertViewStyleKit.m */,
				32862E561B631B530070FA05 /* SCLButton.h */,
				32862E571B631B530070FA05 /* SCLButton.m */,
				32862E581B631B530070FA05 /* SCLMacros.h */,
				32862E591B631B530070FA05 /* UIImage+ImageEffects.h */,
				32862E5A1B631B530070FA05 /* UIImage+ImageEffects.m */,
			);
			path = SCLAlertView;
			sourceTree = "<group>";
		};
		32F48E091B670BFA009EF135 /* TLTagsContol */ = {
			isa = PBXGroup;
			children = (
				32F48E071B670BFA009EF135 /* TLTagsControl.h */,
				32F48E081B670BFA009EF135 /* TLTagsControl.m */,
			);
			name = TLTagsContol;
			path = ../TLTagsContol;
			sourceTree = "<group>";
		};
		598CA88A0598F3B22679722C /* Pods */ = {
			isa = PBXGroup;
			children = (
				D8F75A09A7DAEE3E984FF2A3 /* Pods-Stylist.debug.xcconfig */,
				FBE2CFDF1D363F394109BF06 /* Pods-Stylist.release.xcconfig */,
			);
			name = Pods;
			sourceTree = "<group>";
		};
		B655B3911B6FA0FF00A8A16C /* Fonts */ = {
			isa = PBXGroup;
			children = (
				B655B3921B6FA1A300A8A16C /* Hiragino Sans GB W3.otf */,
				B655B3931B6FA1A300A8A16C /* Hiragino Sans GB W6.otf */,
				B655B3941B6FA1A300A8A16C /* ヒラギノ角ゴ Pro W3.otf */,
				B655B3951B6FA1A300A8A16C /* ヒラギノ角ゴ Pro W6.otf */,
				B655B3961B6FA1A300A8A16C /* ヒラギノ角ゴ Std W8.otf */,
				B655B3971B6FA1A300A8A16C /* ヒラギノ角ゴ StdN W8.otf */,
				B655B3981B6FA1A300A8A16C /* ヒラギノ丸ゴ Pro W4.otf */,
				B655B3991B6FA1A300A8A16C /* ヒラギノ丸ゴ ProN W4.otf */,
				B655B39A1B6FA1A300A8A16C /* ヒラギノ明朝 Pro W3.otf */,
				B655B39B1B6FA1A300A8A16C /* ヒラギノ明朝 Pro W6.otf */,
				B655B37C1B6FA0F700A8A16C /* SF-UI-Display-Black.otf */,
				B655B37D1B6FA0F700A8A16C /* SF-UI-Display-Bold.otf */,
				B655B37E1B6FA0F700A8A16C /* SF-UI-Display-Heavy.otf */,
				B655B37F1B6FA0F700A8A16C /* SF-UI-Display-Light.otf */,
				B655B3801B6FA0F700A8A16C /* SF-UI-Display-Medium.otf */,
				B655B3811B6FA0F700A8A16C /* SF-UI-Display-Regular.otf */,
				B655B3821B6FA0F700A8A16C /* SF-UI-Display-Semibold.otf */,
				B655B3831B6FA0F700A8A16C /* SF-UI-Display-Thin.otf */,
				B655B3841B6FA0F700A8A16C /* SF-UI-Display-Ultralight.otf */,
				B655B3851B6FA0F700A8A16C /* SF-UI-Text-Bold.otf */,
				B655B3861B6FA0F700A8A16C /* SF-UI-Text-BoldItalic.otf */,
				B655B3871B6FA0F700A8A16C /* SF-UI-Text-Heavy.otf */,
				B655B3881B6FA0F700A8A16C /* SF-UI-Text-HeavyItalic.otf */,
				B655B3891B6FA0F700A8A16C /* SF-UI-Text-Italic.otf */,
				B655B38A1B6FA0F700A8A16C /* SF-UI-Text-Light.otf */,
				B655B38B1B6FA0F700A8A16C /* SF-UI-Text-LightItalic.otf */,
				B655B38C1B6FA0F700A8A16C /* SF-UI-Text-Medium.otf */,
				B655B38D1B6FA0F700A8A16C /* SF-UI-Text-MediumItalic.otf */,
				B655B38E1B6FA0F700A8A16C /* SF-UI-Text-Regular.otf */,
				B655B38F1B6FA0F700A8A16C /* SF-UI-Text-Semibold.otf */,
				B655B3901B6FA0F700A8A16C /* SF-UI-Text-SemiboldItalic.otf */,
			);
			name = Fonts;
			sourceTree = "<group>";
		};
		B66F258F1B77A30C003DAB6C /* MaterialKit */ = {
			isa = PBXGroup;
			children = (
				B66F25901B77A323003DAB6C /* MKButton.swift */,
				B66F25911B77A323003DAB6C /* MKColor.swift */,
				B66F25921B77A323003DAB6C /* MKImageView.swift */,
				B66F25931B77A323003DAB6C /* MKLabel.swift */,
				B66F25941B77A323003DAB6C /* MKLayer.swift */,
				B66F25951B77A323003DAB6C /* MKTableViewCell.swift */,
				B66F25961B77A323003DAB6C /* MKTextField.swift */,
			);
			name = MaterialKit;
			sourceTree = "<group>";
		};
		B696775E1B6218E600EC2F9A /* Camera */ = {
			isa = PBXGroup;
			children = (
				326B13B71B61D17E003A871D /* LLSimpleCamera */,
				326B13A81B61D0FB003A871D /* PhotoViewController.h */,
				326B13A91B61D0FB003A871D /* PhotoViewController.m */,
				326B13AA1B61D0FC003A871D /* ImagePreviewViewController.h */,
				326B13AB1B61D0FC003A871D /* ImagePreviewViewController.m */,
				326B13B01B61D0FC003A871D /* ViewUtils.h */,
				326B13B11B61D0FC003A871D /* ViewUtils.m */,
			);
			name = Camera;
			sourceTree = "<group>";
		};
		B696775F1B6229A300EC2F9A /* CollectionView */ = {
			isa = PBXGroup;
			children = (
				B600E2341B41765D007F8FDA /* SingleRowCell.swift */,
				B600E2361B417868007F8FDA /* TopsViewController.swift */,
				B69677601B622B7500EC2F9A /* DetailViewController.swift */,
			);
			name = CollectionView;
			sourceTree = "<group>";
		};
		B69677621B62361500EC2F9A /* Login/Registeration */ = {
			isa = PBXGroup;
			children = (
				B66F258F1B77A30C003DAB6C /* MaterialKit */,
				B6EC66021B3FD4F700B5BC58 /* RegisterPageViewController.swift */,
				B6EC66271B3FFA8400B5BC58 /* LoginViewController.swift */,
				B65331DC1B411D1B00B19268 /* PasswordRecoverViewController.swift */,
			);
			name = Login/Registeration;
			sourceTree = "<group>";
		};
		B6C353D31B6790F2006CF285 /* Trend */ = {
			isa = PBXGroup;
			children = (
				B6C353D11B6790E9006CF285 /* NewViewController.swift */,
				B6C353D41B67914F006CF285 /* NewCollectionViewCell.swift */,
				325FA4541B77A4D800229204 /* TagViewController.swift */,
				325FA4581B77A53B00229204 /* TagCollectionViewCell.swift */,
				B66F259E1B78DCAF003DAB6C /* TrendDetailViewController.swift */,
			);
			name = Trend;
			sourceTree = "<group>";
		};
		B6CD24571B3D8BD50061E451 = {
			isa = PBXGroup;
			children = (
				325FA4461B6FB57C00229204 /* Stylist-Bridging-Header.h */,
				B6EC66041B3FDD1300B5BC58 /* Frameworks */,
				B6CD24621B3D8BD50061E451 /* Stylist */,
				B6CD247C1B3D8BD50061E451 /* StylistTests */,
				B6CD24611B3D8BD50061E451 /* Products */,
				598CA88A0598F3B22679722C /* Pods */,
			);
			sourceTree = "<group>";
		};
		B6CD24611B3D8BD50061E451 /* Products */ = {
			isa = PBXGroup;
			children = (
				B6CD24601B3D8BD50061E451 /* Stylist.app */,
				B6CD24791B3D8BD50061E451 /* StylistTests.xctest */,
			);
			name = Products;
			sourceTree = "<group>";
		};
		B6CD24621B3D8BD50061E451 /* Stylist */ = {
			isa = PBXGroup;
			children = (
				B655B3911B6FA0FF00A8A16C /* Fonts */,
				B6CD24671B3D8BD50061E451 /* AppDelegate.h */,
				B6CD24681B3D8BD50061E451 /* AppDelegate.m */,
				B6EC66241B3FE60C00B5BC58 /* MyConnector.h */,
				B6EC66251B3FE60C00B5BC58 /* MyConnector.m */,
				B6EC66001B3FD31900B5BC58 /* ViewController.swift */,
				B6436C661B67698700B8DA64 /* SwiftPages.swift */,
				B6C353D31B6790F2006CF285 /* Trend */,
				B696775E1B6218E600EC2F9A /* Camera */,
				B696775F1B6229A300EC2F9A /* CollectionView */,
				B69677621B62361500EC2F9A /* Login/Registeration */,
				32170A291B6CDFE4009F9665 /* BrandSearch */,
				321706FA1B65F2B500812648 /* UserProfileSetting */,
				325FA45A1B77A5A200229204 /* VisibleKeyBoard */,
				325FA44C1B70A7AC00229204 /* SwipeableClothesTester.swift */,
				32F48E091B670BFA009EF135 /* TLTagsContol */,
				32862E4F1B631B530070FA05 /* SCLAlertView */,
				32A3BFD41B7B551F0022D76D /* goSegue.swift */,
				32A3BFD61B7B57660022D76D /* goBackSegue.swift */,
				B6CD246D1B3D8BD50061E451 /* Main.storyboard */,
				B6CD24701B3D8BD50061E451 /* Images.xcassets */,
				326B13BE1B61DA15003A871D /* whiteCancel.png */,
				326B13C01B61E9A4003A871D /* pictogram.png */,
				B6CD24721B3D8BD50061E451 /* LaunchScreen.xib */,
				B6CD24631B3D8BD50061E451 /* Supporting Files */,
			);
			path = Stylist;
			sourceTree = "<group>";
		};
		B6CD24631B3D8BD50061E451 /* Supporting Files */ = {
			isa = PBXGroup;
			children = (
				B6CD24641B3D8BD50061E451 /* Info.plist */,
				B6CD24651B3D8BD50061E451 /* main.m */,
			);
			name = "Supporting Files";
			sourceTree = "<group>";
		};
		B6CD247C1B3D8BD50061E451 /* StylistTests */ = {
			isa = PBXGroup;
			children = (
				B6CD247F1B3D8BD50061E451 /* StylistTests.m */,
				B6CD247D1B3D8BD50061E451 /* Supporting Files */,
			);
			path = StylistTests;
			sourceTree = "<group>";
		};
		B6CD247D1B3D8BD50061E451 /* Supporting Files */ = {
			isa = PBXGroup;
			children = (
				B6CD247E1B3D8BD50061E451 /* Info.plist */,
			);
			name = "Supporting Files";
			sourceTree = "<group>";
		};
		B6EC66041B3FDD1300B5BC58 /* Frameworks */ = {
			isa = PBXGroup;
			children = (
				B683597A1B64EC3C002D492D /* Accounts.framework */,
				B68359781B64EC13002D492D /* ImageIO.framework */,
				B68359761B64EC0C002D492D /* Foundation.framework */,
				B68359741B64EBFF002D492D /* CoreImage.framework */,
				B68359721B64EBE6002D492D /* Accelerate.framework */,
				B68359701B64EBDD002D492D /* AVFoundation.framework */,
				B683596E1B64EAB5002D492D /* Social.framework */,
				B6EC661D1B3FDDC200B5BC58 /* libsqlite3.dylib */,
				B6798A631B626E4000197190 /* ParseUI.framework */,
				B6EC661B1B3FDDAD00B5BC58 /* libz.dylib */,
				B6EC66191B3FDDA100B5BC58 /* SystemConfiguration.framework */,
				B6EC66171B3FDD9600B5BC58 /* StoreKit.framework */,
				B6EC66151B3FDD8D00B5BC58 /* Security.framework */,
				B6EC66131B3FDD8600B5BC58 /* QuartzCore.framework */,
				B6EC66111B3FDD7C00B5BC58 /* MobileCoreServices.framework */,
				B6EC660F1B3FDD6F00B5BC58 /* CoreLocation.framework */,
				B6EC660D1B3FDD6600B5BC58 /* CoreGraphics.framework */,
				B6EC660B1B3FDD5C00B5BC58 /* CFNetwork.framework */,
				B6EC66091B3FDD4800B5BC58 /* AudioToolbox.framework */,
				B6EC66051B3FDD2700B5BC58 /* Bolts.framework */,
				B6EC66061B3FDD2700B5BC58 /* Parse.framework */,
				BEF2748B118D2BF9A0ADB0EA /* libPods-Stylist.a */,
			);
			name = Frameworks;
			sourceTree = "<group>";
		};
/* End PBXGroup section */

/* Begin PBXNativeTarget section */
		B6CD245F1B3D8BD50061E451 /* Stylist */ = {
			isa = PBXNativeTarget;
			buildConfigurationList = B6CD24831B3D8BD50061E451 /* Build configuration list for PBXNativeTarget "Stylist" */;
			buildPhases = (
				6C53C4870D0941010A51DBA2 /* Check Pods Manifest.lock */,
				B6CD245C1B3D8BD50061E451 /* Sources */,
				B6CD245D1B3D8BD50061E451 /* Frameworks */,
				B6CD245E1B3D8BD50061E451 /* Resources */,
				FCC96DC88A79850E611B92D2 /* Copy Pods Resources */,
			);
			buildRules = (
			);
			dependencies = (
			);
			name = Stylist;
			productName = Stylist;
			productReference = B6CD24601B3D8BD50061E451 /* Stylist.app */;
			productType = "com.apple.product-type.application";
		};
		B6CD24781B3D8BD50061E451 /* StylistTests */ = {
			isa = PBXNativeTarget;
			buildConfigurationList = B6CD24861B3D8BD50061E451 /* Build configuration list for PBXNativeTarget "StylistTests" */;
			buildPhases = (
				B6CD24751B3D8BD50061E451 /* Sources */,
				B6CD24761B3D8BD50061E451 /* Frameworks */,
				B6CD24771B3D8BD50061E451 /* Resources */,
			);
			buildRules = (
			);
			dependencies = (
				B6CD247B1B3D8BD50061E451 /* PBXTargetDependency */,
			);
			name = StylistTests;
			productName = StylistTests;
			productReference = B6CD24791B3D8BD50061E451 /* StylistTests.xctest */;
			productType = "com.apple.product-type.bundle.unit-test";
		};
/* End PBXNativeTarget section */

/* Begin PBXProject section */
		B6CD24581B3D8BD50061E451 /* Project object */ = {
			isa = PBXProject;
			attributes = {
				LastUpgradeCheck = 0630;
				ORGANIZATIONNAME = xxx;
				TargetAttributes = {
					B6CD245F1B3D8BD50061E451 = {
						CreatedOnToolsVersion = 6.3.1;
						DevelopmentTeam = L86442C6AC;
					};
					B6CD24781B3D8BD50061E451 = {
						CreatedOnToolsVersion = 6.3.1;
						TestTargetID = B6CD245F1B3D8BD50061E451;
					};
				};
			};
			buildConfigurationList = B6CD245B1B3D8BD50061E451 /* Build configuration list for PBXProject "Stylist" */;
			compatibilityVersion = "Xcode 3.2";
			developmentRegion = English;
			hasScannedForEncodings = 0;
			knownRegions = (
				en,
				Base,
			);
			mainGroup = B6CD24571B3D8BD50061E451;
			productRefGroup = B6CD24611B3D8BD50061E451 /* Products */;
			projectDirPath = "";
			projectRoot = "";
			targets = (
				B6CD245F1B3D8BD50061E451 /* Stylist */,
				B6CD24781B3D8BD50061E451 /* StylistTests */,
			);
		};
/* End PBXProject section */

/* Begin PBXResourcesBuildPhase section */
		B6CD245E1B3D8BD50061E451 /* Resources */ = {
			isa = PBXResourcesBuildPhase;
			buildActionMask = 2147483647;
			files = (
				B6CD246F1B3D8BD50061E451 /* Main.storyboard in Resources */,
				326B13C11B61E9A4003A871D /* pictogram.png in Resources */,
				326B13BF1B61DA15003A871D /* whiteCancel.png in Resources */,
				32170A311B6CE03E009F9665 /* name_list.txt in Resources */,
				B6CD24741B3D8BD50061E451 /* LaunchScreen.xib in Resources */,
				B6CD24711B3D8BD50061E451 /* Images.xcassets in Resources */,
			);
			runOnlyForDeploymentPostprocessing = 0;
		};
		B6CD24771B3D8BD50061E451 /* Resources */ = {
			isa = PBXResourcesBuildPhase;
			buildActionMask = 2147483647;
			files = (
			);
			runOnlyForDeploymentPostprocessing = 0;
		};
/* End PBXResourcesBuildPhase section */

/* Begin PBXShellScriptBuildPhase section */
		6C53C4870D0941010A51DBA2 /* Check Pods Manifest.lock */ = {
			isa = PBXShellScriptBuildPhase;
			buildActionMask = 2147483647;
			files = (
			);
			inputPaths = (
			);
			name = "Check Pods Manifest.lock";
			outputPaths = (
			);
			runOnlyForDeploymentPostprocessing = 0;
			shellPath = /bin/sh;
			shellScript = "diff \"${PODS_ROOT}/../Podfile.lock\" \"${PODS_ROOT}/Manifest.lock\" > /dev/null\nif [[ $? != 0 ]] ; then\n    cat << EOM\nerror: The sandbox is not in sync with the Podfile.lock. Run 'pod install' or update your CocoaPods installation.\nEOM\n    exit 1\nfi\n";
			showEnvVarsInLog = 0;
		};
		FCC96DC88A79850E611B92D2 /* Copy Pods Resources */ = {
			isa = PBXShellScriptBuildPhase;
			buildActionMask = 2147483647;
			files = (
			);
			inputPaths = (
			);
			name = "Copy Pods Resources";
			outputPaths = (
			);
			runOnlyForDeploymentPostprocessing = 0;
			shellPath = /bin/sh;
			shellScript = "\"${SRCROOT}/Pods/Target Support Files/Pods-Stylist/Pods-Stylist-resources.sh\"\n";
			showEnvVarsInLog = 0;
		};
/* End PBXShellScriptBuildPhase section */

/* Begin PBXSourcesBuildPhase section */
		B6CD245C1B3D8BD50061E451 /* Sources */ = {
			isa = PBXSourcesBuildPhase;
			buildActionMask = 2147483647;
			files = (
				321706F91B65EFA400812648 /* ProfilePicViewController.swift in Sources */,
				326B13BD1B61D17E003A871D /* UIImage+FixOrientation.m in Sources */,
				32A3BFD51B7B551F0022D76D /* goSegue.swift in Sources */,
				B66F259C1B77A323003DAB6C /* MKTableViewCell.swift in Sources */,
				32862E5B1B631B530070FA05 /* SCLAlertView.m in Sources */,
				325FA4551B77A4D900229204 /* TagViewController.swift in Sources */,
				32862E5D1B631B530070FA05 /* SCLAlertViewStyleKit.m in Sources */,
				B600E2371B417868007F8FDA /* TopsViewController.swift in Sources */,
				B6C353D51B67914F006CF285 /* NewCollectionViewCell.swift in Sources */,
				325FA44B1B708E7400229204 /* VisibleFormViewController.m in Sources */,
				B66F25971B77A323003DAB6C /* MKButton.swift in Sources */,
				B6EC66281B3FFA8400B5BC58 /* LoginViewController.swift in Sources */,
				32A3BFD71B7B57660022D76D /* goBackSegue.swift in Sources */,
				32170A2F1B6CE030009F9665 /* BrandSearchTableController.swift in Sources */,
				B6436C671B67698700B8DA64 /* SwiftPages.swift in Sources */,
				32862E611B63326F0070FA05 /* userSettingViewController.swift in Sources */,
				B69677611B622B7500EC2F9A /* DetailViewController.swift in Sources */,
				B6EC66031B3FD4F700B5BC58 /* RegisterPageViewController.swift in Sources */,
				32862E5E1B631B530070FA05 /* SCLButton.m in Sources */,
				326B13B61B61D0FC003A871D /* ViewUtils.m in Sources */,
				326B13B21B61D0FC003A871D /* PhotoViewController.m in Sources */,
				325FA4591B77A53B00229204 /* TagCollectionViewCell.swift in Sources */,
				B6EC66261B3FE60C00B5BC58 /* MyConnector.m in Sources */,
				B600E2351B41765D007F8FDA /* SingleRowCell.swift in Sources */,
				326B13B31B61D0FC003A871D /* ImagePreviewViewController.m in Sources */,
				B66F259D1B77A323003DAB6C /* MKTextField.swift in Sources */,
				325FA44D1B70A7AC00229204 /* SwipeableClothesTester.swift in Sources */,
				32862E5F1B631B530070FA05 /* UIImage+ImageEffects.m in Sources */,
				326B13BC1B61D17E003A871D /* LLSimpleCamera.m in Sources */,
				B65331DD1B411D1B00B19268 /* PasswordRecoverViewController.swift in Sources */,
				B6EC66011B3FD31900B5BC58 /* ViewController.swift in Sources */,
				B66F259A1B77A323003DAB6C /* MKLabel.swift in Sources */,
				B66F25991B77A323003DAB6C /* MKImageView.swift in Sources */,
				B66F259F1B78DCAF003DAB6C /* TrendDetailViewController.swift in Sources */,
				B6CD24691B3D8BD50061E451 /* AppDelegate.m in Sources */,
				B6C353D21B6790E9006CF285 /* NewViewController.swift in Sources */,
				32170A2B1B6CE00F009F9665 /* StringScore.swift in Sources */,
				32170A2E1B6CE030009F9665 /* BrandScoreStyleKit.swift in Sources */,
				32862E5C1B631B530070FA05 /* SCLAlertViewResponder.m in Sources */,
				32F3F1F91B52BA9C0051050B /* SCLAlertView.swift in Sources */,
				32F48E0A1B670BFA009EF135 /* TLTagsControl.m in Sources */,
				B66F259B1B77A323003DAB6C /* MKLayer.swift in Sources */,
				B66F25981B77A323003DAB6C /* MKColor.swift in Sources */,
				B6CD24661B3D8BD50061E451 /* main.m in Sources */,
			);
			runOnlyForDeploymentPostprocessing = 0;
		};
		B6CD24751B3D8BD50061E451 /* Sources */ = {
			isa = PBXSourcesBuildPhase;
			buildActionMask = 2147483647;
			files = (
				B6CD24801B3D8BD50061E451 /* StylistTests.m in Sources */,
			);
			runOnlyForDeploymentPostprocessing = 0;
		};
/* End PBXSourcesBuildPhase section */

/* Begin PBXTargetDependency section */
		B6CD247B1B3D8BD50061E451 /* PBXTargetDependency */ = {
			isa = PBXTargetDependency;
			target = B6CD245F1B3D8BD50061E451 /* Stylist */;
			targetProxy = B6CD247A1B3D8BD50061E451 /* PBXContainerItemProxy */;
		};
/* End PBXTargetDependency section */

/* Begin PBXVariantGroup section */
		B6CD246D1B3D8BD50061E451 /* Main.storyboard */ = {
			isa = PBXVariantGroup;
			children = (
				B6CD246E1B3D8BD50061E451 /* Base */,
			);
			name = Main.storyboard;
			sourceTree = "<group>";
		};
		B6CD24721B3D8BD50061E451 /* LaunchScreen.xib */ = {
			isa = PBXVariantGroup;
			children = (
				B6CD24731B3D8BD50061E451 /* Base */,
			);
			name = LaunchScreen.xib;
			sourceTree = "<group>";
		};
/* End PBXVariantGroup section */

/* Begin XCBuildConfiguration section */
		B6CD24811B3D8BD50061E451 /* Debug */ = {
			isa = XCBuildConfiguration;
			buildSettings = {
				ALWAYS_SEARCH_USER_PATHS = NO;
				CLANG_CXX_LANGUAGE_STANDARD = "gnu++0x";
				CLANG_CXX_LIBRARY = "libc++";
				CLANG_ENABLE_MODULES = YES;
				CLANG_ENABLE_OBJC_ARC = YES;
				CLANG_WARN_BOOL_CONVERSION = YES;
				CLANG_WARN_CONSTANT_CONVERSION = YES;
				CLANG_WARN_DIRECT_OBJC_ISA_USAGE = YES_ERROR;
				CLANG_WARN_EMPTY_BODY = YES;
				CLANG_WARN_ENUM_CONVERSION = YES;
				CLANG_WARN_INT_CONVERSION = YES;
				CLANG_WARN_OBJC_ROOT_CLASS = YES_ERROR;
				CLANG_WARN_UNREACHABLE_CODE = YES;
				CLANG_WARN__DUPLICATE_METHOD_MATCH = YES;
				"CODE_SIGN_IDENTITY[sdk=iphoneos*]" = "iPhone Developer";
				COPY_PHASE_STRIP = NO;
				DEBUG_INFORMATION_FORMAT = "dwarf-with-dsym";
				ENABLE_STRICT_OBJC_MSGSEND = YES;
				GCC_C_LANGUAGE_STANDARD = gnu99;
				GCC_DYNAMIC_NO_PIC = NO;
				GCC_NO_COMMON_BLOCKS = YES;
				GCC_OPTIMIZATION_LEVEL = 0;
				GCC_PREPROCESSOR_DEFINITIONS = (
					"DEBUG=1",
					"$(inherited)",
				);
				GCC_SYMBOLS_PRIVATE_EXTERN = NO;
				GCC_WARN_64_TO_32_BIT_CONVERSION = YES;
				GCC_WARN_ABOUT_RETURN_TYPE = YES_ERROR;
				GCC_WARN_UNDECLARED_SELECTOR = YES;
				GCC_WARN_UNINITIALIZED_AUTOS = YES_AGGRESSIVE;
				GCC_WARN_UNUSED_FUNCTION = YES;
				GCC_WARN_UNUSED_VARIABLE = YES;
				IPHONEOS_DEPLOYMENT_TARGET = 8.3;
				MTL_ENABLE_DEBUG_INFO = YES;
				ONLY_ACTIVE_ARCH = YES;
				SDKROOT = iphoneos;
			};
			name = Debug;
		};
		B6CD24821B3D8BD50061E451 /* Release */ = {
			isa = XCBuildConfiguration;
			buildSettings = {
				ALWAYS_SEARCH_USER_PATHS = NO;
				CLANG_CXX_LANGUAGE_STANDARD = "gnu++0x";
				CLANG_CXX_LIBRARY = "libc++";
				CLANG_ENABLE_MODULES = YES;
				CLANG_ENABLE_OBJC_ARC = YES;
				CLANG_WARN_BOOL_CONVERSION = YES;
				CLANG_WARN_CONSTANT_CONVERSION = YES;
				CLANG_WARN_DIRECT_OBJC_ISA_USAGE = YES_ERROR;
				CLANG_WARN_EMPTY_BODY = YES;
				CLANG_WARN_ENUM_CONVERSION = YES;
				CLANG_WARN_INT_CONVERSION = YES;
				CLANG_WARN_OBJC_ROOT_CLASS = YES_ERROR;
				CLANG_WARN_UNREACHABLE_CODE = YES;
				CLANG_WARN__DUPLICATE_METHOD_MATCH = YES;
				"CODE_SIGN_IDENTITY[sdk=iphoneos*]" = "iPhone Developer";
				COPY_PHASE_STRIP = NO;
				DEBUG_INFORMATION_FORMAT = "dwarf-with-dsym";
				ENABLE_NS_ASSERTIONS = NO;
				ENABLE_STRICT_OBJC_MSGSEND = YES;
				GCC_C_LANGUAGE_STANDARD = gnu99;
				GCC_NO_COMMON_BLOCKS = YES;
				GCC_WARN_64_TO_32_BIT_CONVERSION = YES;
				GCC_WARN_ABOUT_RETURN_TYPE = YES_ERROR;
				GCC_WARN_UNDECLARED_SELECTOR = YES;
				GCC_WARN_UNINITIALIZED_AUTOS = YES_AGGRESSIVE;
				GCC_WARN_UNUSED_FUNCTION = YES;
				GCC_WARN_UNUSED_VARIABLE = YES;
				IPHONEOS_DEPLOYMENT_TARGET = 8.3;
				MTL_ENABLE_DEBUG_INFO = NO;
				SDKROOT = iphoneos;
				VALIDATE_PRODUCT = YES;
			};
			name = Release;
		};
		B6CD24841B3D8BD50061E451 /* Debug */ = {
			isa = XCBuildConfiguration;
			baseConfigurationReference = D8F75A09A7DAEE3E984FF2A3 /* Pods-Stylist.debug.xcconfig */;
			buildSettings = {
				ASSETCATALOG_COMPILER_APPICON_NAME = AppIcon;
				CLANG_ENABLE_MODULES = YES;
				CODE_SIGN_IDENTITY = "iPhone Developer: KUMIKO KATSUMATA (5WJ5H475JD)";
				"CODE_SIGN_IDENTITY[sdk=iphoneos*]" = "iPhone Developer";
				FRAMEWORK_SEARCH_PATHS = (
					"$(inherited)",
					"$(PROJECT_DIR)",
				);
				INFOPLIST_FILE = Stylist/Info.plist;
				LD_RUNPATH_SEARCH_PATHS = "$(inherited) @executable_path/Frameworks";
				PRODUCT_NAME = "$(TARGET_NAME)";
				PROVISIONING_PROFILE = "";
				SWIFT_OBJC_BRIDGING_HEADER = "Stylist/Stylist-Bridging-Header.h";
				SWIFT_OPTIMIZATION_LEVEL = "-Onone";
			};
			name = Debug;
		};
		B6CD24851B3D8BD50061E451 /* Release */ = {
			isa = XCBuildConfiguration;
			baseConfigurationReference = FBE2CFDF1D363F394109BF06 /* Pods-Stylist.release.xcconfig */;
			buildSettings = {
				ASSETCATALOG_COMPILER_APPICON_NAME = AppIcon;
				CLANG_ENABLE_MODULES = YES;
				CODE_SIGN_IDENTITY = "iPhone Developer: KUMIKO KATSUMATA (5WJ5H475JD)";
				"CODE_SIGN_IDENTITY[sdk=iphoneos*]" = "iPhone Developer";
				FRAMEWORK_SEARCH_PATHS = (
					"$(inherited)",
					"$(PROJECT_DIR)",
				);
				INFOPLIST_FILE = Stylist/Info.plist;
				LD_RUNPATH_SEARCH_PATHS = "$(inherited) @executable_path/Frameworks";
				PRODUCT_NAME = "$(TARGET_NAME)";
				PROVISIONING_PROFILE = "";
				SWIFT_OBJC_BRIDGING_HEADER = "Stylist/Stylist-Bridging-Header.h";
			};
			name = Release;
		};
		B6CD24871B3D8BD50061E451 /* Debug */ = {
			isa = XCBuildConfiguration;
			buildSettings = {
				BUNDLE_LOADER = "$(TEST_HOST)";
				FRAMEWORK_SEARCH_PATHS = (
					"$(SDKROOT)/Developer/Library/Frameworks",
					"$(inherited)",
				);
				GCC_PREPROCESSOR_DEFINITIONS = (
					"DEBUG=1",
					"$(inherited)",
				);
				INFOPLIST_FILE = StylistTests/Info.plist;
				LD_RUNPATH_SEARCH_PATHS = "$(inherited) @executable_path/Frameworks @loader_path/Frameworks";
				PRODUCT_NAME = "$(TARGET_NAME)";
				TEST_HOST = "$(BUILT_PRODUCTS_DIR)/Stylist.app/Stylist";
			};
			name = Debug;
		};
		B6CD24881B3D8BD50061E451 /* Release */ = {
			isa = XCBuildConfiguration;
			buildSettings = {
				BUNDLE_LOADER = "$(TEST_HOST)";
				FRAMEWORK_SEARCH_PATHS = (
					"$(SDKROOT)/Developer/Library/Frameworks",
					"$(inherited)",
				);
				INFOPLIST_FILE = StylistTests/Info.plist;
				LD_RUNPATH_SEARCH_PATHS = "$(inherited) @executable_path/Frameworks @loader_path/Frameworks";
				PRODUCT_NAME = "$(TARGET_NAME)";
				TEST_HOST = "$(BUILT_PRODUCTS_DIR)/Stylist.app/Stylist";
			};
			name = Release;
		};
/* End XCBuildConfiguration section */

/* Begin XCConfigurationList section */
		B6CD245B1B3D8BD50061E451 /* Build configuration list for PBXProject "Stylist" */ = {
			isa = XCConfigurationList;
			buildConfigurations = (
				B6CD24811B3D8BD50061E451 /* Debug */,
				B6CD24821B3D8BD50061E451 /* Release */,
			);
			defaultConfigurationIsVisible = 0;
			defaultConfigurationName = Release;
		};
		B6CD24831B3D8BD50061E451 /* Build configuration list for PBXNativeTarget "Stylist" */ = {
			isa = XCConfigurationList;
			buildConfigurations = (
				B6CD24841B3D8BD50061E451 /* Debug */,
				B6CD24851B3D8BD50061E451 /* Release */,
			);
			defaultConfigurationIsVisible = 0;
			defaultConfigurationName = Release;
		};
		B6CD24861B3D8BD50061E451 /* Build configuration list for PBXNativeTarget "StylistTests" */ = {
			isa = XCConfigurationList;
			buildConfigurations = (
				B6CD24871B3D8BD50061E451 /* Debug */,
				B6CD24881B3D8BD50061E451 /* Release */,
			);
			defaultConfigurationIsVisible = 0;
			defaultConfigurationName = Release;
		};
/* End XCConfigurationList section */
	};
	rootObject = B6CD24581B3D8BD50061E451 /* Project object */;
}
